// !$*UTF8*$!
{
	archiveVersion = 1;
	classes = {
	};
	objectVersion = 50;
	objects = {

/* Begin PBXBuildFile section */
		071A05A9262A66D200238FD6 /* uwuTrackVRSyncApp.swift in Sources */ = {isa = PBXBuildFile; fileRef = 071A05A8262A66D200238FD6 /* uwuTrackVRSyncApp.swift */; };
		071A05AB262A66D200238FD6 /* ContentView.swift in Sources */ = {isa = PBXBuildFile; fileRef = 071A05AA262A66D200238FD6 /* ContentView.swift */; };
		071A05AD262A66D300238FD6 /* Assets.xcassets in Resources */ = {isa = PBXBuildFile; fileRef = 071A05AC262A66D300238FD6 /* Assets.xcassets */; };
		071A05B0262A66D300238FD6 /* Preview Assets.xcassets in Resources */ = {isa = PBXBuildFile; fileRef = 071A05AF262A66D300238FD6 /* Preview Assets.xcassets */; };
		071A05BB262A66D300238FD6 /* uwuTrackVRSyncTests.swift in Sources */ = {isa = PBXBuildFile; fileRef = 071A05BA262A66D300238FD6 /* uwuTrackVRSyncTests.swift */; };
		071A05C6262A66D300238FD6 /* uwuTrackVRSyncUITests.swift in Sources */ = {isa = PBXBuildFile; fileRef = 071A05C5262A66D300238FD6 /* uwuTrackVRSyncUITests.swift */; };
		071A05D7262A689900238FD6 /* HomeView.swift in Sources */ = {isa = PBXBuildFile; fileRef = 071A05D6262A689900238FD6 /* HomeView.swift */; };
		071A05DC262A68CF00238FD6 /* ConnectView.swift in Sources */ = {isa = PBXBuildFile; fileRef = 071A05DB262A68CF00238FD6 /* ConnectView.swift */; };
		071A05E1262A68EB00238FD6 /* OutputLogView.swift in Sources */ = {isa = PBXBuildFile; fileRef = 071A05E0262A68EB00238FD6 /* OutputLogView.swift */; };
		071A05E6262A771A00238FD6 /* NavigationBarModifier.swift in Sources */ = {isa = PBXBuildFile; fileRef = 071A05E5262A771A00238FD6 /* NavigationBarModifier.swift */; };
/* End PBXBuildFile section */

/* Begin PBXContainerItemProxy section */
		071A05B7262A66D300238FD6 /* PBXContainerItemProxy */ = {
			isa = PBXContainerItemProxy;
			containerPortal = 071A059D262A66D100238FD6 /* Project object */;
			proxyType = 1;
			remoteGlobalIDString = 071A05A4262A66D100238FD6;
			remoteInfo = uwuTrackVRSync;
		};
		071A05C2262A66D300238FD6 /* PBXContainerItemProxy */ = {
			isa = PBXContainerItemProxy;
			containerPortal = 071A059D262A66D100238FD6 /* Project object */;
			proxyType = 1;
			remoteGlobalIDString = 071A05A4262A66D100238FD6;
			remoteInfo = uwuTrackVRSync;
		};
/* End PBXContainerItemProxy section */

/* Begin PBXFileReference section */
		071A05A5262A66D200238FD6 /* uwuTrackVRSync.app */ = {isa = PBXFileReference; explicitFileType = wrapper.application; includeInIndex = 0; path = uwuTrackVRSync.app; sourceTree = BUILT_PRODUCTS_DIR; };
		071A05A8262A66D200238FD6 /* uwuTrackVRSyncApp.swift */ = {isa = PBXFileReference; lastKnownFileType = sourcecode.swift; path = uwuTrackVRSyncApp.swift; sourceTree = "<group>"; };
		071A05AA262A66D200238FD6 /* ContentView.swift */ = {isa = PBXFileReference; lastKnownFileType = sourcecode.swift; path = ContentView.swift; sourceTree = "<group>"; };
		071A05AC262A66D300238FD6 /* Assets.xcassets */ = {isa = PBXFileReference; lastKnownFileType = folder.assetcatalog; path = Assets.xcassets; sourceTree = "<group>"; };
		071A05AF262A66D300238FD6 /* Preview Assets.xcassets */ = {isa = PBXFileReference; lastKnownFileType = folder.assetcatalog; path = "Preview Assets.xcassets"; sourceTree = "<group>"; };
		071A05B1262A66D300238FD6 /* Info.plist */ = {isa = PBXFileReference; lastKnownFileType = text.plist.xml; path = Info.plist; sourceTree = "<group>"; };
		071A05B6262A66D300238FD6 /* uwuTrackVRSyncTests.xctest */ = {isa = PBXFileReference; explicitFileType = wrapper.cfbundle; includeInIndex = 0; path = uwuTrackVRSyncTests.xctest; sourceTree = BUILT_PRODUCTS_DIR; };
		071A05BA262A66D300238FD6 /* uwuTrackVRSyncTests.swift */ = {isa = PBXFileReference; lastKnownFileType = sourcecode.swift; path = uwuTrackVRSyncTests.swift; sourceTree = "<group>"; };
		071A05BC262A66D300238FD6 /* Info.plist */ = {isa = PBXFileReference; lastKnownFileType = text.plist.xml; path = Info.plist; sourceTree = "<group>"; };
		071A05C1262A66D300238FD6 /* uwuTrackVRSyncUITests.xctest */ = {isa = PBXFileReference; explicitFileType = wrapper.cfbundle; includeInIndex = 0; path = uwuTrackVRSyncUITests.xctest; sourceTree = BUILT_PRODUCTS_DIR; };
		071A05C5262A66D300238FD6 /* uwuTrackVRSyncUITests.swift */ = {isa = PBXFileReference; lastKnownFileType = sourcecode.swift; path = uwuTrackVRSyncUITests.swift; sourceTree = "<group>"; };
		071A05C7262A66D300238FD6 /* Info.plist */ = {isa = PBXFileReference; lastKnownFileType = text.plist.xml; path = Info.plist; sourceTree = "<group>"; };
		071A05D6262A689900238FD6 /* HomeView.swift */ = {isa = PBXFileReference; lastKnownFileType = sourcecode.swift; path = HomeView.swift; sourceTree = "<group>"; };
		071A05DB262A68CF00238FD6 /* ConnectView.swift */ = {isa = PBXFileReference; lastKnownFileType = sourcecode.swift; path = ConnectView.swift; sourceTree = "<group>"; };
		071A05E0262A68EB00238FD6 /* OutputLogView.swift */ = {isa = PBXFileReference; lastKnownFileType = sourcecode.swift; path = OutputLogView.swift; sourceTree = "<group>"; };
		071A05E5262A771A00238FD6 /* NavigationBarModifier.swift */ = {isa = PBXFileReference; lastKnownFileType = sourcecode.swift; path = NavigationBarModifier.swift; sourceTree = "<group>"; };
/* End PBXFileReference section */

/* Begin PBXFrameworksBuildPhase section */
		071A05A2262A66D100238FD6 /* Frameworks */ = {
			isa = PBXFrameworksBuildPhase;
			buildActionMask = 2147483647;
			files = (
			);
			runOnlyForDeploymentPostprocessing = 0;
		};
		071A05B3262A66D300238FD6 /* Frameworks */ = {
			isa = PBXFrameworksBuildPhase;
			buildActionMask = 2147483647;
			files = (
			);
			runOnlyForDeploymentPostprocessing = 0;
		};
		071A05BE262A66D300238FD6 /* Frameworks */ = {
			isa = PBXFrameworksBuildPhase;
			buildActionMask = 2147483647;
			files = (
			);
			runOnlyForDeploymentPostprocessing = 0;
		};
/* End PBXFrameworksBuildPhase section */

/* Begin PBXGroup section */
		071A059C262A66D100238FD6 = {
			isa = PBXGroup;
			children = (
				071A05A7262A66D200238FD6 /* uwuTrackVRSync */,
				071A05B9262A66D300238FD6 /* uwuTrackVRSyncTests */,
				071A05C4262A66D300238FD6 /* uwuTrackVRSyncUITests */,
				071A05A6262A66D200238FD6 /* Products */,
			);
			sourceTree = "<group>";
		};
		071A05A6262A66D200238FD6 /* Products */ = {
			isa = PBXGroup;
			children = (
				071A05A5262A66D200238FD6 /* uwuTrackVRSync.app */,
				071A05B6262A66D300238FD6 /* uwuTrackVRSyncTests.xctest */,
				071A05C1262A66D300238FD6 /* uwuTrackVRSyncUITests.xctest */,
			);
			name = Products;
			sourceTree = "<group>";
		};
		071A05A7262A66D200238FD6 /* uwuTrackVRSync */ = {
			isa = PBXGroup;
			children = (
				071A05A8262A66D200238FD6 /* uwuTrackVRSyncApp.swift */,
				071A05AA262A66D200238FD6 /* ContentView.swift */,
				071A05AC262A66D300238FD6 /* Assets.xcassets */,
				071A05B1262A66D300238FD6 /* Info.plist */,
				071A05AE262A66D300238FD6 /* Preview Content */,
				071A05D6262A689900238FD6 /* HomeView.swift */,
				071A05DB262A68CF00238FD6 /* ConnectView.swift */,
				071A05E0262A68EB00238FD6 /* OutputLogView.swift */,
				071A05E5262A771A00238FD6 /* NavigationBarModifier.swift */,
			);
			path = uwuTrackVRSync;
			sourceTree = "<group>";
		};
		071A05AE262A66D300238FD6 /* Preview Content */ = {
			isa = PBXGroup;
			children = (
				071A05AF262A66D300238FD6 /* Preview Assets.xcassets */,
			);
			path = "Preview Content";
			sourceTree = "<group>";
		};
		071A05B9262A66D300238FD6 /* uwuTrackVRSyncTests */ = {
			isa = PBXGroup;
			children = (
				071A05BA262A66D300238FD6 /* uwuTrackVRSyncTests.swift */,
				071A05BC262A66D300238FD6 /* Info.plist */,
			);
			path = uwuTrackVRSyncTests;
			sourceTree = "<group>";
		};
		071A05C4262A66D300238FD6 /* uwuTrackVRSyncUITests */ = {
			isa = PBXGroup;
			children = (
				071A05C5262A66D300238FD6 /* uwuTrackVRSyncUITests.swift */,
				071A05C7262A66D300238FD6 /* Info.plist */,
			);
			path = uwuTrackVRSyncUITests;
			sourceTree = "<group>";
		};
/* End PBXGroup section */

/* Begin PBXNativeTarget section */
		071A05A4262A66D100238FD6 /* uwuTrackVRSync */ = {
			isa = PBXNativeTarget;
			buildConfigurationList = 071A05CA262A66D300238FD6 /* Build configuration list for PBXNativeTarget "uwuTrackVRSync" */;
			buildPhases = (
				071A05A1262A66D100238FD6 /* Sources */,
				071A05A2262A66D100238FD6 /* Frameworks */,
				071A05A3262A66D100238FD6 /* Resources */,
			);
			buildRules = (
			);
			dependencies = (
			);
			name = uwuTrackVRSync;
			productName = uwuTrackVRSync;
			productReference = 071A05A5262A66D200238FD6 /* uwuTrackVRSync.app */;
			productType = "com.apple.product-type.application";
		};
		071A05B5262A66D300238FD6 /* uwuTrackVRSyncTests */ = {
			isa = PBXNativeTarget;
			buildConfigurationList = 071A05CD262A66D300238FD6 /* Build configuration list for PBXNativeTarget "uwuTrackVRSyncTests" */;
			buildPhases = (
				071A05B2262A66D300238FD6 /* Sources */,
				071A05B3262A66D300238FD6 /* Frameworks */,
				071A05B4262A66D300238FD6 /* Resources */,
			);
			buildRules = (
			);
			dependencies = (
				071A05B8262A66D300238FD6 /* PBXTargetDependency */,
			);
			name = uwuTrackVRSyncTests;
			productName = uwuTrackVRSyncTests;
			productReference = 071A05B6262A66D300238FD6 /* uwuTrackVRSyncTests.xctest */;
			productType = "com.apple.product-type.bundle.unit-test";
		};
		071A05C0262A66D300238FD6 /* uwuTrackVRSyncUITests */ = {
			isa = PBXNativeTarget;
			buildConfigurationList = 071A05D0262A66D300238FD6 /* Build configuration list for PBXNativeTarget "uwuTrackVRSyncUITests" */;
			buildPhases = (
				071A05BD262A66D300238FD6 /* Sources */,
				071A05BE262A66D300238FD6 /* Frameworks */,
				071A05BF262A66D300238FD6 /* Resources */,
			);
			buildRules = (
			);
			dependencies = (
				071A05C3262A66D300238FD6 /* PBXTargetDependency */,
			);
			name = uwuTrackVRSyncUITests;
			productName = uwuTrackVRSyncUITests;
			productReference = 071A05C1262A66D300238FD6 /* uwuTrackVRSyncUITests.xctest */;
			productType = "com.apple.product-type.bundle.ui-testing";
		};
/* End PBXNativeTarget section */

/* Begin PBXProject section */
		071A059D262A66D100238FD6 /* Project object */ = {
			isa = PBXProject;
			attributes = {
				LastSwiftUpdateCheck = 1240;
				LastUpgradeCheck = 1240;
				TargetAttributes = {
					071A05A4262A66D100238FD6 = {
						CreatedOnToolsVersion = 12.4;
					};
					071A05B5262A66D300238FD6 = {
						CreatedOnToolsVersion = 12.4;
						TestTargetID = 071A05A4262A66D100238FD6;
					};
					071A05C0262A66D300238FD6 = {
						CreatedOnToolsVersion = 12.4;
						TestTargetID = 071A05A4262A66D100238FD6;
					};
				};
			};
			buildConfigurationList = 071A05A0262A66D100238FD6 /* Build configuration list for PBXProject "uwuTrackVRSync" */;
			compatibilityVersion = "Xcode 9.3";
			developmentRegion = en;
			hasScannedForEncodings = 0;
			knownRegions = (
				en,
				Base,
			);
			mainGroup = 071A059C262A66D100238FD6;
			productRefGroup = 071A05A6262A66D200238FD6 /* Products */;
			projectDirPath = "";
			projectRoot = "";
			targets = (
				071A05A4262A66D100238FD6 /* uwuTrackVRSync */,
				071A05B5262A66D300238FD6 /* uwuTrackVRSyncTests */,
				071A05C0262A66D300238FD6 /* uwuTrackVRSyncUITests */,
			);
		};
/* End PBXProject section */

/* Begin PBXResourcesBuildPhase section */
		071A05A3262A66D100238FD6 /* Resources */ = {
			isa = PBXResourcesBuildPhase;
			buildActionMask = 2147483647;
			files = (
				071A05B0262A66D300238FD6 /* Preview Assets.xcassets in Resources */,
				071A05AD262A66D300238FD6 /* Assets.xcassets in Resources */,
			);
			runOnlyForDeploymentPostprocessing = 0;
		};
		071A05B4262A66D300238FD6 /* Resources */ = {
			isa = PBXResourcesBuildPhase;
			buildActionMask = 2147483647;
			files = (
			);
			runOnlyForDeploymentPostprocessing = 0;
		};
		071A05BF262A66D300238FD6 /* Resources */ = {
			isa = PBXResourcesBuildPhase;
			buildActionMask = 2147483647;
			files = (
			);
			runOnlyForDeploymentPostprocessing = 0;
		};
/* End PBXResourcesBuildPhase section */

/* Begin PBXSourcesBuildPhase section */
		071A05A1262A66D100238FD6 /* Sources */ = {
			isa = PBXSourcesBuildPhase;
			buildActionMask = 2147483647;
			files = (
				071A05D7262A689900238FD6 /* HomeView.swift in Sources */,
				071A05E1262A68EB00238FD6 /* OutputLogView.swift in Sources */,
				071A05E6262A771A00238FD6 /* NavigationBarModifier.swift in Sources */,
				071A05DC262A68CF00238FD6 /* ConnectView.swift in Sources */,
				071A05AB262A66D200238FD6 /* ContentView.swift in Sources */,
				071A05A9262A66D200238FD6 /* uwuTrackVRSyncApp.swift in Sources */,
			);
			runOnlyForDeploymentPostprocessing = 0;
		};
		071A05B2262A66D300238FD6 /* Sources */ = {
			isa = PBXSourcesBuildPhase;
			buildActionMask = 2147483647;
			files = (
				071A05BB262A66D300238FD6 /* uwuTrackVRSyncTests.swift in Sources */,
			);
			runOnlyForDeploymentPostprocessing = 0;
		};
		071A05BD262A66D300238FD6 /* Sources */ = {
			isa = PBXSourcesBuildPhase;
			buildActionMask = 2147483647;
			files = (
				071A05C6262A66D300238FD6 /* uwuTrackVRSyncUITests.swift in Sources */,
			);
			runOnlyForDeploymentPostprocessing = 0;
		};
/* End PBXSourcesBuildPhase section */

/* Begin PBXTargetDependency section */
		071A05B8262A66D300238FD6 /* PBXTargetDependency */ = {
			isa = PBXTargetDependency;
			target = 071A05A4262A66D100238FD6 /* uwuTrackVRSync */;
			targetProxy = 071A05B7262A66D300238FD6 /* PBXContainerItemProxy */;
		};
		071A05C3262A66D300238FD6 /* PBXTargetDependency */ = {
			isa = PBXTargetDependency;
			target = 071A05A4262A66D100238FD6 /* uwuTrackVRSync */;
			targetProxy = 071A05C2262A66D300238FD6 /* PBXContainerItemProxy */;
		};
/* End PBXTargetDependency section */

/* Begin XCBuildConfiguration section */
		071A05C8262A66D300238FD6 /* Debug */ = {
			isa = XCBuildConfiguration;
			buildSettings = {
				ALWAYS_SEARCH_USER_PATHS = NO;
				CLANG_ANALYZER_NONNULL = YES;
				CLANG_ANALYZER_NUMBER_OBJECT_CONVERSION = YES_AGGRESSIVE;
				CLANG_CXX_LANGUAGE_STANDARD = "gnu++14";
				CLANG_CXX_LIBRARY = "libc++";
				CLANG_ENABLE_MODULES = YES;
				CLANG_ENABLE_OBJC_ARC = YES;
				CLANG_ENABLE_OBJC_WEAK = YES;
				CLANG_WARN_BLOCK_CAPTURE_AUTORELEASING = YES;
				CLANG_WARN_BOOL_CONVERSION = YES;
				CLANG_WARN_COMMA = YES;
				CLANG_WARN_CONSTANT_CONVERSION = YES;
				CLANG_WARN_DEPRECATED_OBJC_IMPLEMENTATIONS = YES;
				CLANG_WARN_DIRECT_OBJC_ISA_USAGE = YES_ERROR;
				CLANG_WARN_DOCUMENTATION_COMMENTS = YES;
				CLANG_WARN_EMPTY_BODY = YES;
				CLANG_WARN_ENUM_CONVERSION = YES;
				CLANG_WARN_INFINITE_RECURSION = YES;
				CLANG_WARN_INT_CONVERSION = YES;
				CLANG_WARN_NON_LITERAL_NULL_CONVERSION = YES;
				CLANG_WARN_OBJC_IMPLICIT_RETAIN_SELF = YES;
				CLANG_WARN_OBJC_LITERAL_CONVERSION = YES;
				CLANG_WARN_OBJC_ROOT_CLASS = YES_ERROR;
				CLANG_WARN_QUOTED_INCLUDE_IN_FRAMEWORK_HEADER = YES;
				CLANG_WARN_RANGE_LOOP_ANALYSIS = YES;
				CLANG_WARN_STRICT_PROTOTYPES = YES;
				CLANG_WARN_SUSPICIOUS_MOVE = YES;
				CLANG_WARN_UNGUARDED_AVAILABILITY = YES_AGGRESSIVE;
				CLANG_WARN_UNREACHABLE_CODE = YES;
				CLANG_WARN__DUPLICATE_METHOD_MATCH = YES;
				COPY_PHASE_STRIP = NO;
				DEBUG_INFORMATION_FORMAT = dwarf;
				ENABLE_STRICT_OBJC_MSGSEND = YES;
				ENABLE_TESTABILITY = YES;
				GCC_C_LANGUAGE_STANDARD = gnu11;
				GCC_DYNAMIC_NO_PIC = NO;
				GCC_NO_COMMON_BLOCKS = YES;
				GCC_OPTIMIZATION_LEVEL = 0;
				GCC_PREPROCESSOR_DEFINITIONS = (
					"DEBUG=1",
					"$(inherited)",
				);
				GCC_WARN_64_TO_32_BIT_CONVERSION = YES;
				GCC_WARN_ABOUT_RETURN_TYPE = YES_ERROR;
				GCC_WARN_UNDECLARED_SELECTOR = YES;
				GCC_WARN_UNINITIALIZED_AUTOS = YES_AGGRESSIVE;
				GCC_WARN_UNUSED_FUNCTION = YES;
				GCC_WARN_UNUSED_VARIABLE = YES;
				IPHONEOS_DEPLOYMENT_TARGET = 14.4;
				MTL_ENABLE_DEBUG_INFO = INCLUDE_SOURCE;
				MTL_FAST_MATH = YES;
				ONLY_ACTIVE_ARCH = YES;
				SDKROOT = iphoneos;
				SWIFT_ACTIVE_COMPILATION_CONDITIONS = DEBUG;
				SWIFT_OPTIMIZATION_LEVEL = "-Onone";
			};
			name = Debug;
		};
		071A05C9262A66D300238FD6 /* Release */ = {
			isa = XCBuildConfiguration;
			buildSettings = {
				ALWAYS_SEARCH_USER_PATHS = NO;
				CLANG_ANALYZER_NONNULL = YES;
				CLANG_ANALYZER_NUMBER_OBJECT_CONVERSION = YES_AGGRESSIVE;
				CLANG_CXX_LANGUAGE_STANDARD = "gnu++14";
				CLANG_CXX_LIBRARY = "libc++";
				CLANG_ENABLE_MODULES = YES;
				CLANG_ENABLE_OBJC_ARC = YES;
				CLANG_ENABLE_OBJC_WEAK = YES;
				CLANG_WARN_BLOCK_CAPTURE_AUTORELEASING = YES;
				CLANG_WARN_BOOL_CONVERSION = YES;
				CLANG_WARN_COMMA = YES;
				CLANG_WARN_CONSTANT_CONVERSION = YES;
				CLANG_WARN_DEPRECATED_OBJC_IMPLEMENTATIONS = YES;
				CLANG_WARN_DIRECT_OBJC_ISA_USAGE = YES_ERROR;
				CLANG_WARN_DOCUMENTATION_COMMENTS = YES;
				CLANG_WARN_EMPTY_BODY = YES;
				CLANG_WARN_ENUM_CONVERSION = YES;
				CLANG_WARN_INFINITE_RECURSION = YES;
				CLANG_WARN_INT_CONVERSION = YES;
				CLANG_WARN_NON_LITERAL_NULL_CONVERSION = YES;
				CLANG_WARN_OBJC_IMPLICIT_RETAIN_SELF = YES;
				CLANG_WARN_OBJC_LITERAL_CONVERSION = YES;
				CLANG_WARN_OBJC_ROOT_CLASS = YES_ERROR;
				CLANG_WARN_QUOTED_INCLUDE_IN_FRAMEWORK_HEADER = YES;
				CLANG_WARN_RANGE_LOOP_ANALYSIS = YES;
				CLANG_WARN_STRICT_PROTOTYPES = YES;
				CLANG_WARN_SUSPICIOUS_MOVE = YES;
				CLANG_WARN_UNGUARDED_AVAILABILITY = YES_AGGRESSIVE;
				CLANG_WARN_UNREACHABLE_CODE = YES;
				CLANG_WARN__DUPLICATE_METHOD_MATCH = YES;
				COPY_PHASE_STRIP = NO;
				DEBUG_INFORMATION_FORMAT = "dwarf-with-dsym";
				ENABLE_NS_ASSERTIONS = NO;
				ENABLE_STRICT_OBJC_MSGSEND = YES;
				GCC_C_LANGUAGE_STANDARD = gnu11;
				GCC_NO_COMMON_BLOCKS = YES;
				GCC_WARN_64_TO_32_BIT_CONVERSION = YES;
				GCC_WARN_ABOUT_RETURN_TYPE = YES_ERROR;
				GCC_WARN_UNDECLARED_SELECTOR = YES;
				GCC_WARN_UNINITIALIZED_AUTOS = YES_AGGRESSIVE;
				GCC_WARN_UNUSED_FUNCTION = YES;
				GCC_WARN_UNUSED_VARIABLE = YES;
				IPHONEOS_DEPLOYMENT_TARGET = 14.4;
				MTL_ENABLE_DEBUG_INFO = NO;
				MTL_FAST_MATH = YES;
				SDKROOT = iphoneos;
				SWIFT_COMPILATION_MODE = wholemodule;
				SWIFT_OPTIMIZATION_LEVEL = "-O";
				VALIDATE_PRODUCT = YES;
			};
			name = Release;
		};
		071A05CB262A66D300238FD6 /* Debug */ = {
			isa = XCBuildConfiguration;
			buildSettings = {
				ASSETCATALOG_COMPILER_APPICON_NAME = AppIcon;
				ASSETCATALOG_COMPILER_GLOBAL_ACCENT_COLOR_NAME = AccentColor;
				CODE_SIGN_STYLE = Automatic;
				DEVELOPMENT_ASSET_PATHS = "\"uwuTrackVRSync/Preview Content\"";
				DEVELOPMENT_TEAM = GMM7PNFF66;
				ENABLE_PREVIEWS = YES;
				INFOPLIST_FILE = uwuTrackVRSync/Info.plist;
				IPHONEOS_DEPLOYMENT_TARGET = 14.0;
				LD_RUNPATH_SEARCH_PATHS = (
					"$(inherited)",
					"@executable_path/Frameworks",
				);
				PRODUCT_BUNDLE_IDENTIFIER = cp3.uwuTrackVRSync;
				PRODUCT_NAME = "$(TARGET_NAME)";
				SWIFT_VERSION = 5.0;
				TARGETED_DEVICE_FAMILY = "1,2";
			};
			name = Debug;
		};
		071A05CC262A66D300238FD6 /* Release */ = {
			isa = XCBuildConfiguration;
			buildSettings = {
				ASSETCATALOG_COMPILER_APPICON_NAME = AppIcon;
				ASSETCATALOG_COMPILER_GLOBAL_ACCENT_COLOR_NAME = AccentColor;
				CODE_SIGN_STYLE = Automatic;
				DEVELOPMENT_ASSET_PATHS = "\"uwuTrackVRSync/Preview Content\"";
				DEVELOPMENT_TEAM = GMM7PNFF66;
				ENABLE_PREVIEWS = YES;
				INFOPLIST_FILE = uwuTrackVRSync/Info.plist;
				IPHONEOS_DEPLOYMENT_TARGET = 14.0;
				LD_RUNPATH_SEARCH_PATHS = (
					"$(inherited)",
					"@executable_path/Frameworks",
				);
				PRODUCT_BUNDLE_IDENTIFIER = cp3.uwuTrackVRSync;
				PRODUCT_NAME = "$(TARGET_NAME)";
				SWIFT_VERSION = 5.0;
				TARGETED_DEVICE_FAMILY = "1,2";
			};
			name = Release;
		};
		071A05CE262A66D300238FD6 /* Debug */ = {
			isa = XCBuildConfiguration;
			buildSettings = {
				ALWAYS_EMBED_SWIFT_STANDARD_LIBRARIES = YES;
				BUNDLE_LOADER = "$(TEST_HOST)";
				CODE_SIGN_STYLE = Automatic;
				INFOPLIST_FILE = uwuTrackVRSyncTests/Info.plist;
				IPHONEOS_DEPLOYMENT_TARGET = 14.0;
				LD_RUNPATH_SEARCH_PATHS = (
					"$(inherited)",
					"@executable_path/Frameworks",
					"@loader_path/Frameworks",
				);
				PRODUCT_BUNDLE_IDENTIFIER = cp3.uwuTrackVRSyncTests;
				PRODUCT_NAME = "$(TARGET_NAME)";
				SWIFT_VERSION = 5.0;
				TARGETED_DEVICE_FAMILY = "1,2";
				TEST_HOST = "$(BUILT_PRODUCTS_DIR)/uwuTrackVRSync.app/uwuTrackVRSync";
			};
			name = Debug;
		};
		071A05CF262A66D300238FD6 /* Release */ = {
			isa = XCBuildConfiguration;
			buildSettings = {
				ALWAYS_EMBED_SWIFT_STANDARD_LIBRARIES = YES;
				BUNDLE_LOADER = "$(TEST_HOST)";
				CODE_SIGN_STYLE = Automatic;
				INFOPLIST_FILE = uwuTrackVRSyncTests/Info.plist;
				IPHONEOS_DEPLOYMENT_TARGET = 14.0;
				LD_RUNPATH_SEARCH_PATHS = (
					"$(inherited)",
					"@executable_path/Frameworks",
					"@loader_path/Frameworks",
				);
				PRODUCT_BUNDLE_IDENTIFIER = cp3.uwuTrackVRSyncTests;
				PRODUCT_NAME = "$(TARGET_NAME)";
				SWIFT_VERSION = 5.0;
				TARGETED_DEVICE_FAMILY = "1,2";
				TEST_HOST = "$(BUILT_PRODUCTS_DIR)/uwuTrackVRSync.app/uwuTrackVRSync";
			};
			name = Release;
		};
		071A05D1262A66D300238FD6 /* Debug */ = {
			isa = XCBuildConfiguration;
			buildSettings = {
				ALWAYS_EMBED_SWIFT_STANDARD_LIBRARIES = YES;
				CODE_SIGN_STYLE = Automatic;
				INFOPLIST_FILE = uwuTrackVRSyncUITests/Info.plist;
				LD_RUNPATH_SEARCH_PATHS = (
					"$(inherited)",
					"@executable_path/Frameworks",
					"@loader_path/Frameworks",
				);
				PRODUCT_BUNDLE_IDENTIFIER = cp3.uwuTrackVRSyncUITests;
				PRODUCT_NAME = "$(TARGET_NAME)";
				SWIFT_VERSION = 5.0;
				TARGETED_DEVICE_FAMILY = "1,2";
				TEST_TARGET_NAME = uwuTrackVRSync;
			};
			name = Debug;
		};
		071A05D2262A66D300238FD6 /* Release */ = {
			isa = XCBuildConfiguration;
			buildSettings = {
				ALWAYS_EMBED_SWIFT_STANDARD_LIBRARIES = YES;
				CODE_SIGN_STYLE = Automatic;
				INFOPLIST_FILE = uwuTrackVRSyncUITests/Info.plist;
				LD_RUNPATH_SEARCH_PATHS = (
					"$(inherited)",
					"@executable_path/Frameworks",
					"@loader_path/Frameworks",
				);
				PRODUCT_BUNDLE_IDENTIFIER = cp3.uwuTrackVRSyncUITests;
				PRODUCT_NAME = "$(TARGET_NAME)";
				SWIFT_VERSION = 5.0;
				TARGETED_DEVICE_FAMILY = "1,2";
				TEST_TARGET_NAME = uwuTrackVRSync;
			};
			name = Release;
		};
/* End XCBuildConfiguration section */

/* Begin XCConfigurationList section */
		071A05A0262A66D100238FD6 /* Build configuration list for PBXProject "uwuTrackVRSync" */ = {
			isa = XCConfigurationList;
			buildConfigurations = (
				071A05C8262A66D300238FD6 /* Debug */,
				071A05C9262A66D300238FD6 /* Release */,
			);
			defaultConfigurationIsVisible = 0;
			defaultConfigurationName = Release;
		};
		071A05CA262A66D300238FD6 /* Build configuration list for PBXNativeTarget "uwuTrackVRSync" */ = {
			isa = XCConfigurationList;
			buildConfigurations = (
				071A05CB262A66D300238FD6 /* Debug */,
				071A05CC262A66D300238FD6 /* Release */,
			);
			defaultConfigurationIsVisible = 0;
			defaultConfigurationName = Release;
		};
		071A05CD262A66D300238FD6 /* Build configuration list for PBXNativeTarget "uwuTrackVRSyncTests" */ = {
			isa = XCConfigurationList;
			buildConfigurations = (
				071A05CE262A66D300238FD6 /* Debug */,
				071A05CF262A66D300238FD6 /* Release */,
			);
			defaultConfigurationIsVisible = 0;
			defaultConfigurationName = Release;
		};
		071A05D0262A66D300238FD6 /* Build configuration list for PBXNativeTarget "uwuTrackVRSyncUITests" */ = {
			isa = XCConfigurationList;
			buildConfigurations = (
				071A05D1262A66D300238FD6 /* Debug */,
				071A05D2262A66D300238FD6 /* Release */,
			);
			defaultConfigurationIsVisible = 0;
			defaultConfigurationName = Release;
		};
/* End XCConfigurationList section */
	};
	rootObject = 071A059D262A66D100238FD6 /* Project object */;
}
